
Microsoft Visual Studio Solution File, Format Version 12.00
# Visual Studio Version 17
VisualStudioVersion = 17.7.34024.191
MinimumVisualStudioVersion = 10.0.40219.1
Project("{FAE04EC0-301F-11D3-BF4B-00C04F79EFBC}") = "CrosshairHero", "CrosshairHero\CrosshairHero.csproj", "{0DE07BA4-0120-4B55-A48F-3A7685C0766E}"
EndProject
Global
	GlobalSection(SolutionConfigurationPlatforms) = preSolution
		Debug|Any CPU = Debug|Any CPU
		Release|Any CPU = Release|Any CPU
	EndGlobalSection
	GlobalSection(ProjectConfigurationPlatforms) = postSolution
		{0DE07BA4-0120-4B55-A48F-3A7685C0766E}.Debug|Any CPU.ActiveCfg = Debug|Any CPU
		{0DE07BA4-0120-4B55-A48F-3A7685C0766E}.Debug|Any CPU.Build.0 = Debug|Any CPU
		{0DE07BA4-0120-4B55-A48F-3A7685C0766E}.Debug|Any CPU.Deploy.0 = Debug|Any CPU
		{0DE07BA4-0120-4B55-A48F-3A7685C0766E}.Release|Any CPU.ActiveCfg = Release|Any CPU
		{0DE07BA4-0120-4B55-A48F-3A7685C0766E}.Release|Any CPU.Build.0 = Release|Any CPU
		{0DE07BA4-0120-4B55-A48F-3A7685C0766E}.Release|Any CPU.Deploy.0 = Release|Any CPU
	EndGlobalSection
	GlobalSection(SolutionProperties) = preSolution
		HideSolutionNode = FALSE
	EndGlobalSection
	GlobalSection(ExtensibilityGlobals) = postSolution
		SolutionGuid = {C63604F7-FCA6-4979-A359-294F3620FD76}
	EndGlobalSection
EndGlobal
